
Microsoft Visual Studio Solution File, Format Version 12.00
# Visual Studio Version 17
VisualStudioVersion = 17.6.33815.320
MinimumVisualStudioVersion = 10.0.40219.1
Project("{9A19103F-16F7-4668-BE54-9A1E7A4F7556}") = "HRM", "backend\HRM.csproj", "{FC92AF93-9EC6-47BC-B87F-28D4FCBD3897}"
EndProject
Project("{9A19103F-16F7-4668-BE54-9A1E7A4F7556}") = "Business", "Business\Business.csproj", "{B3A4FF56-C482-426C-8F50-45785BF79958}"
EndProject
Project("{9A19103F-16F7-4668-BE54-9A1E7A4F7556}") = "Entities", "Entities\Entities.csproj", "{33CB4D45-94CB-407F-84D9-863915DEA038}"
EndProject
Project("{9A19103F-16F7-4668-BE54-9A1E7A4F7556}") = "Database", "Database\Database.csproj", "{AD5234CE-91B0-432A-A4E2-9638CBA897F8}"
EndProject
Project("{2150E333-8FDC-42A3-9474-1A3956D46DE8}") = "Solution Items", "Solution Items", "{89E87D28-06B0-442C-A905-B53549719CA7}"
	ProjectSection(SolutionItems) = preProject
		.editorconfig = .editorconfig
	EndProjectSection
EndProject
Global
	GlobalSection(SolutionConfigurationPlatforms) = preSolution
		Debug|Any CPU = Debug|Any CPU
		Release|Any CPU = Release|Any CPU
	EndGlobalSection
	GlobalSection(ProjectConfigurationPlatforms) = postSolution
		{FC92AF93-9EC6-47BC-B87F-28D4FCBD3897}.Debug|Any CPU.ActiveCfg = Debug|Any CPU
		{FC92AF93-9EC6-47BC-B87F-28D4FCBD3897}.Debug|Any CPU.Build.0 = Debug|Any CPU
		{FC92AF93-9EC6-47BC-B87F-28D4FCBD3897}.Release|Any CPU.ActiveCfg = Release|Any CPU
		{FC92AF93-9EC6-47BC-B87F-28D4FCBD3897}.Release|Any CPU.Build.0 = Release|Any CPU
		{B3A4FF56-C482-426C-8F50-45785BF79958}.Debug|Any CPU.ActiveCfg = Debug|Any CPU
		{B3A4FF56-C482-426C-8F50-45785BF79958}.Debug|Any CPU.Build.0 = Debug|Any CPU
		{B3A4FF56-C482-426C-8F50-45785BF79958}.Release|Any CPU.ActiveCfg = Release|Any CPU
		{B3A4FF56-C482-426C-8F50-45785BF79958}.Release|Any CPU.Build.0 = Release|Any CPU
		{33CB4D45-94CB-407F-84D9-863915DEA038}.Debug|Any CPU.ActiveCfg = Debug|Any CPU
		{33CB4D45-94CB-407F-84D9-863915DEA038}.Debug|Any CPU.Build.0 = Debug|Any CPU
		{33CB4D45-94CB-407F-84D9-863915DEA038}.Release|Any CPU.ActiveCfg = Release|Any CPU
		{33CB4D45-94CB-407F-84D9-863915DEA038}.Release|Any CPU.Build.0 = Release|Any CPU
		{AD5234CE-91B0-432A-A4E2-9638CBA897F8}.Debug|Any CPU.ActiveCfg = Debug|Any CPU
		{AD5234CE-91B0-432A-A4E2-9638CBA897F8}.Debug|Any CPU.Build.0 = Debug|Any CPU
		{AD5234CE-91B0-432A-A4E2-9638CBA897F8}.Release|Any CPU.ActiveCfg = Release|Any CPU
		{AD5234CE-91B0-432A-A4E2-9638CBA897F8}.Release|Any CPU.Build.0 = Release|Any CPU
	EndGlobalSection
	GlobalSection(SolutionProperties) = preSolution
		HideSolutionNode = FALSE
	EndGlobalSection
	GlobalSection(ExtensibilityGlobals) = postSolution
		SolutionGuid = {7AEDC62C-0108-4065-B8FA-0639783117D3}
	EndGlobalSection
EndGlobal
