
Microsoft Visual Studio Solution File, Format Version 12.00
# Visual Studio Version 17
VisualStudioVersion = 17.6.33815.320
MinimumVisualStudioVersion = 10.0.40219.1
Project("{FAE04EC0-301F-11D3-BF4B-00C04F79EFBC}") = "HRM", "HRM\HRM.csproj", "{64FC7963-6F8A-4544-8E01-76990E11BD56}"
EndProject
Project("{FAE04EC0-301F-11D3-BF4B-00C04F79EFBC}") = "Business", "Business\Business.csproj", "{5AAEF39A-815A-4200-B39A-BAE6F191FE04}"
EndProject
Project("{FAE04EC0-301F-11D3-BF4B-00C04F79EFBC}") = "Database", "Database\Database.csproj", "{D8DDD93D-5D5A-479A-8AA0-C3EBBAFFBDF6}"
EndProject
Project("{FAE04EC0-301F-11D3-BF4B-00C04F79EFBC}") = "Entities", "Entities\Entities.csproj", "{89581B2F-8A48-439C-AF38-CCF533360D9F}"
EndProject
Global
	GlobalSection(SolutionConfigurationPlatforms) = preSolution
		Debug|Any CPU = Debug|Any CPU
		Release|Any CPU = Release|Any CPU
	EndGlobalSection
	GlobalSection(ProjectConfigurationPlatforms) = postSolution
		{64FC7963-6F8A-4544-8E01-76990E11BD56}.Debug|Any CPU.ActiveCfg = Debug|Any CPU
		{64FC7963-6F8A-4544-8E01-76990E11BD56}.Debug|Any CPU.Build.0 = Debug|Any CPU
		{64FC7963-6F8A-4544-8E01-76990E11BD56}.Release|Any CPU.ActiveCfg = Release|Any CPU
		{64FC7963-6F8A-4544-8E01-76990E11BD56}.Release|Any CPU.Build.0 = Release|Any CPU
		{5AAEF39A-815A-4200-B39A-BAE6F191FE04}.Debug|Any CPU.ActiveCfg = Debug|Any CPU
		{5AAEF39A-815A-4200-B39A-BAE6F191FE04}.Debug|Any CPU.Build.0 = Debug|Any CPU
		{5AAEF39A-815A-4200-B39A-BAE6F191FE04}.Release|Any CPU.ActiveCfg = Release|Any CPU
		{5AAEF39A-815A-4200-B39A-BAE6F191FE04}.Release|Any CPU.Build.0 = Release|Any CPU
		{D8DDD93D-5D5A-479A-8AA0-C3EBBAFFBDF6}.Debug|Any CPU.ActiveCfg = Debug|Any CPU
		{D8DDD93D-5D5A-479A-8AA0-C3EBBAFFBDF6}.Debug|Any CPU.Build.0 = Debug|Any CPU
		{D8DDD93D-5D5A-479A-8AA0-C3EBBAFFBDF6}.Release|Any CPU.ActiveCfg = Release|Any CPU
		{D8DDD93D-5D5A-479A-8AA0-C3EBBAFFBDF6}.Release|Any CPU.Build.0 = Release|Any CPU
		{89581B2F-8A48-439C-AF38-CCF533360D9F}.Debug|Any CPU.ActiveCfg = Debug|Any CPU
		{89581B2F-8A48-439C-AF38-CCF533360D9F}.Debug|Any CPU.Build.0 = Debug|Any CPU
		{89581B2F-8A48-439C-AF38-CCF533360D9F}.Release|Any CPU.ActiveCfg = Release|Any CPU
		{89581B2F-8A48-439C-AF38-CCF533360D9F}.Release|Any CPU.Build.0 = Release|Any CPU
	EndGlobalSection
	GlobalSection(SolutionProperties) = preSolution
		HideSolutionNode = FALSE
	EndGlobalSection
	GlobalSection(ExtensibilityGlobals) = postSolution
		SolutionGuid = {55C8A895-4884-4783-A5DF-018F93EFA721}
	EndGlobalSection
EndGlobal
